<?xml version="1.0" encoding="utf-8"?>
<Project ToolsVersion="4.0" xmlns="http://schemas.microsoft.com/developer/msbuild/2003">
  <ItemGroup>
    <Filter Include="Source Files">
      <UniqueIdentifier>{4FC737F1-C7A5-4376-A066-2A32D752A2FF}</UniqueIdentifier>
      <Extensions>cpp;c;cc;cxx;def;odl;idl;hpj;bat;asm;asmx</Extensions>
    </Filter>
    <Filter Include="Header Files">
      <UniqueIdentifier>{93995380-89BD-4b04-88EB-625FBE52EBFB}</UniqueIdentifier>
      <Extensions>h;hh;hpp;hxx;hm;inl;inc;xsd</Extensions>
    </Filter>
    <Filter Include="Resource Files">
      <UniqueIdentifier>{67DA6AB6-F800-4c08-8B7A-83BB121AAD01}</UniqueIdentifier>
      <Extensions>rc;ico;cur;bmp;dlg;rc2;rct;bin;rgs;gif;jpg;jpeg;jpe;resx;tiff;tif;png;wav;mfcribbon-ms</Extensions>
    </Filter>
    <Filter Include="Header Files\Factory">
      <UniqueIdentifier>{83c3f3bb-0ded-465e-9126-f9e8601da3e3}</UniqueIdentifier>
    </Filter>
    <Filter Include="Source Files\Factory">
      <UniqueIdentifier>{97afd395-887b-496a-a2ab-c7fae3f0755a}</UniqueIdentifier>
    </Filter>
    <Filter Include="Source Files\Models">
      <UniqueIdentifier>{94eba99a-fe1b-4d53-9ab0-4292ff36f658}</UniqueIdentifier>
    </Filter>
    <Filter Include="Header Files\Models">
      <UniqueIdentifier>{f426fec4-f2d1-4d2d-a38f-f22c01b32d1a}</UniqueIdentifier>
    </Filter>
    <Filter Include="Header Files\Utils">
      <UniqueIdentifier>{b96906eb-8723-4ca2-93ff-3747dc109611}</UniqueIdentifier>
    </Filter>
    <Filter Include="Source Files\Utils">
      <UniqueIdentifier>{e4e7f172-860f-4358-b536-0dc5b9148792}</UniqueIdentifier>
    </Filter>
    <Filter Include="Header Files\Enums">
      <UniqueIdentifier>{0aad5ca7-d973-442f-9e36-de6b52f26d27}</UniqueIdentifier>
    </Filter>
  </ItemGroup>
  <ItemGroup>
    <ClInclude Include="CharacterFactory.h">
      <Filter>Header Files\Factory</Filter>
    </ClInclude>
    <ClInclude Include="RoomFactory.h">
      <Filter>Header Files\Factory</Filter>
    </ClInclude>
    <ClInclude Include="Armour.h">
      <Filter>Header Files\Models</Filter>
    </ClInclude>
    <ClInclude Include="Character.h">
      <Filter>Header Files\Models</Filter>
    </ClInclude>
    <ClInclude Include="Dungeon.h">
      <Filter>Header Files\Models</Filter>
    </ClInclude>
    <ClInclude Include="Item.h">
      <Filter>Header Files\Models</Filter>
    </ClInclude>
    <ClInclude Include="Layer.h">
      <Filter>Header Files\Models</Filter>
    </ClInclude>
    <ClInclude Include="Room.h">
      <Filter>Header Files\Models</Filter>
    </ClInclude>
    <ClInclude Include="Trap.h">
      <Filter>Header Files\Models</Filter>
    </ClInclude>
    <ClInclude Include="Weapon.h">
      <Filter>Header Files\Models</Filter>
    </ClInclude>
    <ClInclude Include="Utility.h">
      <Filter>Header Files\Utils</Filter>
    </ClInclude>
    <ClInclude Include="Parser.h">
      <Filter>Header Files\Utils</Filter>
    </ClInclude>
    <ClInclude Include="CommandEnum.h">
      <Filter>Header Files\Enums</Filter>
    </ClInclude>
    <ClInclude Include="DifficultyEnum.h">
      <Filter>Header Files\Enums</Filter>
    </ClInclude>
    <ClInclude Include="DirectionsEnum.h">
      <Filter>Header Files\Enums</Filter>
    </ClInclude>
    <ClInclude Include="TrapFactory.h">
      <Filter>Header Files\Factory</Filter>
    </ClInclude>
    <ClInclude Include="ItemFactory.h">
      <Filter>Header Files\Factory</Filter>
    </ClInclude>
    <ClInclude Include="HMPPotion.h">
      <Filter>Header Files\Models</Filter>
    </ClInclude>
    <ClInclude Include="HPPotion.h">
      <Filter>Header Files\Models</Filter>
    </ClInclude>
    <ClInclude Include="MPPotion.h">
      <Filter>Header Files\Models</Filter>
    </ClInclude>
    <ClInclude Include="Misc.h">
      <Filter>Header Files\Models</Filter>
    </ClInclude>
  </ItemGroup>
  <ItemGroup>
    <ClCompile Include="main.cpp">
      <Filter>Source Files</Filter>
    </ClCompile>
    <ClCompile Include="CharacterFactory.cpp">
      <Filter>Source Files\Factory</Filter>
    </ClCompile>
    <ClCompile Include="RoomFactory.cpp">
      <Filter>Source Files\Factory</Filter>
    </ClCompile>
    <ClCompile Include="Armour.cpp">
      <Filter>Source Files\Models</Filter>
    </ClCompile>
    <ClCompile Include="Character.cpp">
      <Filter>Source Files\Models</Filter>
    </ClCompile>
    <ClCompile Include="Dungeon.cpp">
      <Filter>Source Files\Models</Filter>
    </ClCompile>
    <ClCompile Include="Item.cpp">
      <Filter>Source Files\Models</Filter>
    </ClCompile>
    <ClCompile Include="Layer.cpp">
      <Filter>Source Files\Models</Filter>
    </ClCompile>
    <ClCompile Include="Room.cpp">
      <Filter>Source Files\Models</Filter>
    </ClCompile>
    <ClCompile Include="Trap.cpp">
      <Filter>Source Files\Models</Filter>
    </ClCompile>
    <ClCompile Include="Weapon.cpp">
      <Filter>Source Files\Models</Filter>
    </ClCompile>
    <ClCompile Include="Utility.cpp">
      <Filter>Source Files\Utils</Filter>
    </ClCompile>
    <ClCompile Include="Parser.cpp">
      <Filter>Source Files\Utils</Filter>
    </ClCompile>
    <ClCompile Include="TrapFactory.cpp">
      <Filter>Source Files\Factory</Filter>
    </ClCompile>
    <ClCompile Include="ItemFactory.cpp">
      <Filter>Source Files\Factory</Filter>
    </ClCompile>
    <ClCompile Include="HMPPotion.cpp">
      <Filter>Source Files\Models</Filter>
    </ClCompile>
    <ClCompile Include="HPPotion.cpp">
      <Filter>Source Files\Models</Filter>
    </ClCompile>
    <ClCompile Include="Misc.cpp">
      <Filter>Source Files\Models</Filter>
    </ClCompile>
    <ClCompile Include="MPPotion.cpp">
      <Filter>Source Files\Models</Filter>
    </ClCompile>
  </ItemGroup>
  <ItemGroup>
    <Text Include="Characters.txt">
      <Filter>Resource Files</Filter>
    </Text>
    <Text Include="Rooms.txt">
      <Filter>Resource Files</Filter>
    </Text>
    <Text Include="Traps.txt">
      <Filter>Resource Files</Filter>
    </Text>
    <Text Include="Items.txt">
      <Filter>Resource Files</Filter>
    </Text>
  </ItemGroup>
</Project>